<?xml version="1.0" encoding="utf-8"?>
<Project ToolsVersion="4.0" xmlns="http://schemas.microsoft.com/developer/msbuild/2003">
  <ItemGroup>
    <Filter Include="Source Files">
      <UniqueIdentifier>{4FC737F1-C7A5-4376-A066-2A32D752A2FF}</UniqueIdentifier>
      <Extensions>cpp;c;cc;cxx;c++;cppm;ixx;def;odl;idl;hpj;bat;asm;asmx</Extensions>
    </Filter>
    <Filter Include="Header Files">
      <UniqueIdentifier>{93995380-89BD-4b04-88EB-625FBE52EBFB}</UniqueIdentifier>
      <Extensions>h;hh;hpp;hxx;h++;hm;inl;inc;ipp;xsd</Extensions>
    </Filter>
    <Filter Include="Resource Files">
      <UniqueIdentifier>{67DA6AB6-F800-4c08-8B7A-83BB121AAD01}</UniqueIdentifier>
      <Extensions>rc;ico;cur;bmp;dlg;rc2;rct;bin;rgs;gif;jpg;jpeg;jpe;resx;tiff;tif;png;wav;mfcribbon-ms</Extensions>
    </Filter>
    <Filter Include="Shader Files">
      <UniqueIdentifier>{a597c245-8771-4c5a-b436-70030dab4007}</UniqueIdentifier>
    </Filter>
    <Filter Include="Assets">
      <UniqueIdentifier>{b776269e-eb49-4a7a-91c5-906d955b5e13}</UniqueIdentifier>
    </Filter>
    <Filter Include="Assets\Textures">
      <UniqueIdentifier>{24ddaac7-1d11-494a-9580-158b4508ef5e}</UniqueIdentifier>
    </Filter>
    <Filter Include="Assets\Models">
      <UniqueIdentifier>{b008a1dd-a18e-4f16-8e49-cb4a36a52ca2}</UniqueIdentifier>
    </Filter>
    <Filter Include="Source Files\setup">
      <UniqueIdentifier>{d02c0b8f-3c12-4679-84f8-e5bd61a56025}</UniqueIdentifier>
    </Filter>
  </ItemGroup>
  <ItemGroup>
    <ClCompile Include="src\glad.c">
      <Filter>Source Files</Filter>
    </ClCompile>
    <ClCompile Include="main.cpp">
      <Filter>Source Files</Filter>
    </ClCompile>
    <ClCompile Include="src\shader.cpp">
      <Filter>Source Files</Filter>
    </ClCompile>
    <ClCompile Include="src\CaveGenerator.cpp">
      <Filter>Source Files</Filter>
    </ClCompile>
    <ClCompile Include="setup\stbSetup.cpp">
      <Filter>Source Files\setup</Filter>
    </ClCompile>
    <ClCompile Include="src\model.cpp">
      <Filter>Source Files</Filter>
    </ClCompile>
  </ItemGroup>
  <ItemGroup>
    <ClInclude Include="headers\shader.h">
      <Filter>Header Files</Filter>
    </ClInclude>
    <ClInclude Include="headers\stb_image.h">
      <Filter>Header Files</Filter>
    </ClInclude>
    <ClInclude Include="headers\camera.h">
      <Filter>Header Files</Filter>
    </ClInclude>
    <ClInclude Include="headers\mesh.h">
      <Filter>Header Files</Filter>
    </ClInclude>
    <ClInclude Include="headers\model.h">
      <Filter>Header Files</Filter>
    </ClInclude>
    <ClInclude Include="headers\CaveGenerator.h">
      <Filter>Header Files</Filter>
    </ClInclude>
    <ClInclude Include="headers\crystal.h">
      <Filter>Header Files</Filter>
    </ClInclude>
  </ItemGroup>
  <ItemGroup>
    <None Include="shaders\fragment_shader.fs">
      <Filter>Shader Files</Filter>
    </None>
    <None Include="shaders\vertex_shader.vs">
      <Filter>Shader Files</Filter>
    </None>
    <None Include="models\wooden_plank.fbx">
      <Filter>Assets\Models</Filter>
    </None>
    <None Include="shaders\light_fragment_shader.fs">
      <Filter>Shader Files</Filter>
    </None>
    <None Include="shaders\cave_fragment_shader.fs">
      <Filter>Shader Files</Filter>
    </None>
    <None Include="shaders\cave_vertex_shader.vs">
      <Filter>Shader Files</Filter>
    </None>
    <None Include="shaders\light_vertex_shader.vs">
      <Filter>Shader Files</Filter>
    </None>
  </ItemGroup>
  <ItemGroup>
    <Image Include="textures\bear.png">
      <Filter>Assets\Textures</Filter>
    </Image>
  </ItemGroup>
</Project>